// !$*UTF8*$!
{
	archiveVersion = 1;
	classes = {
	};
	objectVersion = 50;
	objects = {

/* Begin PBXBuildFile section */
		E93E4C1123B407DA0097A158 /* AppDelegate.swift in Sources */ = {isa = PBXBuildFile; fileRef = E93E4C1023B407DA0097A158 /* AppDelegate.swift */; };
		E93E4C1323B407DA0097A158 /* SceneDelegate.swift in Sources */ = {isa = PBXBuildFile; fileRef = E93E4C1223B407DA0097A158 /* SceneDelegate.swift */; };
		E93E4C1623B407DA0097A158 /* Vison.xcdatamodeld in Sources */ = {isa = PBXBuildFile; fileRef = E93E4C1423B407DA0097A158 /* Vison.xcdatamodeld */; };
		E93E4C1823B407DA0097A158 /* ContentView.swift in Sources */ = {isa = PBXBuildFile; fileRef = E93E4C1723B407DA0097A158 /* ContentView.swift */; };
		E93E4C1A23B407DB0097A158 /* Assets.xcassets in Resources */ = {isa = PBXBuildFile; fileRef = E93E4C1923B407DB0097A158 /* Assets.xcassets */; };
		E93E4C1D23B407DB0097A158 /* Preview Assets.xcassets in Resources */ = {isa = PBXBuildFile; fileRef = E93E4C1C23B407DB0097A158 /* Preview Assets.xcassets */; };
		E93E4C2023B407DB0097A158 /* LaunchScreen.storyboard in Resources */ = {isa = PBXBuildFile; fileRef = E93E4C1E23B407DB0097A158 /* LaunchScreen.storyboard */; };
/* End PBXBuildFile section */

/* Begin PBXFileReference section */
		E93E4C0D23B407DA0097A158 /* Vison.app */ = {isa = PBXFileReference; explicitFileType = wrapper.application; includeInIndex = 0; path = Vison.app; sourceTree = BUILT_PRODUCTS_DIR; };
		E93E4C1023B407DA0097A158 /* AppDelegate.swift */ = {isa = PBXFileReference; lastKnownFileType = sourcecode.swift; path = AppDelegate.swift; sourceTree = "<group>"; };
		E93E4C1223B407DA0097A158 /* SceneDelegate.swift */ = {isa = PBXFileReference; lastKnownFileType = sourcecode.swift; path = SceneDelegate.swift; sourceTree = "<group>"; };
		E93E4C1523B407DA0097A158 /* Vison.xcdatamodel */ = {isa = PBXFileReference; lastKnownFileType = wrapper.xcdatamodel; path = Vison.xcdatamodel; sourceTree = "<group>"; };
		E93E4C1723B407DA0097A158 /* ContentView.swift */ = {isa = PBXFileReference; lastKnownFileType = sourcecode.swift; path = ContentView.swift; sourceTree = "<group>"; };
		E93E4C1923B407DB0097A158 /* Assets.xcassets */ = {isa = PBXFileReference; lastKnownFileType = folder.assetcatalog; path = Assets.xcassets; sourceTree = "<group>"; };
		E93E4C1C23B407DB0097A158 /* Preview Assets.xcassets */ = {isa = PBXFileReference; lastKnownFileType = folder.assetcatalog; path = "Preview Assets.xcassets"; sourceTree = "<group>"; };
		E93E4C1F23B407DB0097A158 /* Base */ = {isa = PBXFileReference; lastKnownFileType = file.storyboard; name = Base; path = Base.lproj/LaunchScreen.storyboard; sourceTree = "<group>"; };
		E93E4C2123B407DB0097A158 /* Info.plist */ = {isa = PBXFileReference; lastKnownFileType = text.plist.xml; path = Info.plist; sourceTree = "<group>"; };
/* End PBXFileReference section */

/* Begin PBXFrameworksBuildPhase section */
		E93E4C0A23B407DA0097A158 /* Frameworks */ = {
			isa = PBXFrameworksBuildPhase;
			buildActionMask = 2147483647;
			files = (
			);
			runOnlyForDeploymentPostprocessing = 0;
		};
/* End PBXFrameworksBuildPhase section */

/* Begin PBXGroup section */
		E93E4C0423B407DA0097A158 = {
			isa = PBXGroup;
			children = (
				E93E4C0F23B407DA0097A158 /* Vison */,
				E93E4C0E23B407DA0097A158 /* Products */,
			);
			sourceTree = "<group>";
		};
		E93E4C0E23B407DA0097A158 /* Products */ = {
			isa = PBXGroup;
			children = (
				E93E4C0D23B407DA0097A158 /* Vison.app */,
			);
			name = Products;
			sourceTree = "<group>";
		};
		E93E4C0F23B407DA0097A158 /* Vison */ = {
			isa = PBXGroup;
			children = (
				E93E4C1023B407DA0097A158 /* AppDelegate.swift */,
				E93E4C1223B407DA0097A158 /* SceneDelegate.swift */,
				E93E4C1723B407DA0097A158 /* ContentView.swift */,
				E93E4C1923B407DB0097A158 /* Assets.xcassets */,
				E93E4C1E23B407DB0097A158 /* LaunchScreen.storyboard */,
				E93E4C2123B407DB0097A158 /* Info.plist */,
				E93E4C1423B407DA0097A158 /* Vison.xcdatamodeld */,
				E93E4C1B23B407DB0097A158 /* Preview Content */,
			);
			path = Vison;
			sourceTree = "<group>";
		};
		E93E4C1B23B407DB0097A158 /* Preview Content */ = {
			isa = PBXGroup;
			children = (
				E93E4C1C23B407DB0097A158 /* Preview Assets.xcassets */,
			);
			path = "Preview Content";
			sourceTree = "<group>";
		};
/* End PBXGroup section */

/* Begin PBXNativeTarget section */
		E93E4C0C23B407DA0097A158 /* Vison */ = {
			isa = PBXNativeTarget;
			buildConfigurationList = E93E4C2423B407DB0097A158 /* Build configuration list for PBXNativeTarget "Vison" */;
			buildPhases = (
				E93E4C0923B407DA0097A158 /* Sources */,
				E93E4C0A23B407DA0097A158 /* Frameworks */,
				E93E4C0B23B407DA0097A158 /* Resources */,
			);
			buildRules = (
			);
			dependencies = (
			);
			name = Vison;
			productName = Vison;
			productReference = E93E4C0D23B407DA0097A158 /* Vison.app */;
			productType = "com.apple.product-type.application";
		};
/* End PBXNativeTarget section */

/* Begin PBXProject section */
		E93E4C0523B407DA0097A158 /* Project object */ = {
			isa = PBXProject;
			attributes = {
				LastSwiftUpdateCheck = 1130;
				LastUpgradeCheck = 1130;
				ORGANIZATIONNAME = DBS;
				TargetAttributes = {
					E93E4C0C23B407DA0097A158 = {
						CreatedOnToolsVersion = 11.3;
					};
				};
			};
			buildConfigurationList = E93E4C0823B407DA0097A158 /* Build configuration list for PBXProject "Vison" */;
			compatibilityVersion = "Xcode 9.3";
			developmentRegion = en;
			hasScannedForEncodings = 0;
			knownRegions = (
				en,
				Base,
			);
			mainGroup = E93E4C0423B407DA0097A158;
			productRefGroup = E93E4C0E23B407DA0097A158 /* Products */;
			projectDirPath = "";
			projectRoot = "";
			targets = (
				E93E4C0C23B407DA0097A158 /* Vison */,
			);
		};
/* End PBXProject section */

/* Begin PBXResourcesBuildPhase section */
		E93E4C0B23B407DA0097A158 /* Resources */ = {
			isa = PBXResourcesBuildPhase;
			buildActionMask = 2147483647;
			files = (
				E93E4C2023B407DB0097A158 /* LaunchScreen.storyboard in Resources */,
				E93E4C1D23B407DB0097A158 /* Preview Assets.xcassets in Resources */,
				E93E4C1A23B407DB0097A158 /* Assets.xcassets in Resources */,
			);
			runOnlyForDeploymentPostprocessing = 0;
		};
/* End PBXResourcesBuildPhase section */

/* Begin PBXSourcesBuildPhase section */
		E93E4C0923B407DA0097A158 /* Sources */ = {
			isa = PBXSourcesBuildPhase;
			buildActionMask = 2147483647;
			files = (
				E93E4C1123B407DA0097A158 /* AppDelegate.swift in Sources */,
				E93E4C1323B407DA0097A158 /* SceneDelegate.swift in Sources */,
				E93E4C1823B407DA0097A158 /* ContentView.swift in Sources */,
				E93E4C1623B407DA0097A158 /* Vison.xcdatamodeld in Sources */,
			);
			runOnlyForDeploymentPostprocessing = 0;
		};
/* End PBXSourcesBuildPhase section */

/* Begin PBXVariantGroup section */
		E93E4C1E23B407DB0097A158 /* LaunchScreen.storyboard */ = {
			isa = PBXVariantGroup;
			children = (
				E93E4C1F23B407DB0097A158 /* Base */,
			);
			name = LaunchScreen.storyboard;
			sourceTree = "<group>";
		};
/* End PBXVariantGroup section */

/* Begin XCBuildConfiguration section */
		E93E4C2223B407DB0097A158 /* Debug */ = {
			isa = XCBuildConfiguration;
			buildSettings = {
				ALWAYS_SEARCH_USER_PATHS = NO;
				CLANG_ANALYZER_NONNULL = YES;
				CLANG_ANALYZER_NUMBER_OBJECT_CONVERSION = YES_AGGRESSIVE;
				CLANG_CXX_LANGUAGE_STANDARD = "gnu++14";
				CLANG_CXX_LIBRARY = "libc++";
				CLANG_ENABLE_MODULES = YES;
				CLANG_ENABLE_OBJC_ARC = YES;
				CLANG_ENABLE_OBJC_WEAK = YES;
				CLANG_WARN_BLOCK_CAPTURE_AUTORELEASING = YES;
				CLANG_WARN_BOOL_CONVERSION = YES;
				CLANG_WARN_COMMA = YES;
				CLANG_WARN_CONSTANT_CONVERSION = YES;
				CLANG_WARN_DEPRECATED_OBJC_IMPLEMENTATIONS = YES;
				CLANG_WARN_DIRECT_OBJC_ISA_USAGE = YES_ERROR;
				CLANG_WARN_DOCUMENTATION_COMMENTS = YES;
				CLANG_WARN_EMPTY_BODY = YES;
				CLANG_WARN_ENUM_CONVERSION = YES;
				CLANG_WARN_INFINITE_RECURSION = YES;
				CLANG_WARN_INT_CONVERSION = YES;
				CLANG_WARN_NON_LITERAL_NULL_CONVERSION = YES;
				CLANG_WARN_OBJC_IMPLICIT_RETAIN_SELF = YES;
				CLANG_WARN_OBJC_LITERAL_CONVERSION = YES;
				CLANG_WARN_OBJC_ROOT_CLASS = YES_ERROR;
				CLANG_WARN_RANGE_LOOP_ANALYSIS = YES;
				CLANG_WARN_STRICT_PROTOTYPES = YES;
				CLANG_WARN_SUSPICIOUS_MOVE = YES;
				CLANG_WARN_UNGUARDED_AVAILABILITY = YES_AGGRESSIVE;
				CLANG_WARN_UNREACHABLE_CODE = YES;
				CLANG_WARN__DUPLICATE_METHOD_MATCH = YES;
				COPY_PHASE_STRIP = NO;
				DEBUG_INFORMATION_FORMAT = dwarf;
				ENABLE_STRICT_OBJC_MSGSEND = YES;
				ENABLE_TESTABILITY = YES;
				GCC_C_LANGUAGE_STANDARD = gnu11;
				GCC_DYNAMIC_NO_PIC = NO;
				GCC_NO_COMMON_BLOCKS = YES;
				GCC_OPTIMIZATION_LEVEL = 0;
				GCC_PREPROCESSOR_DEFINITIONS = (
					"DEBUG=1",
					"$(inherited)",
				);
				GCC_WARN_64_TO_32_BIT_CONVERSION = YES;
				GCC_WARN_ABOUT_RETURN_TYPE = YES_ERROR;
				GCC_WARN_UNDECLARED_SELECTOR = YES;
				GCC_WARN_UNINITIALIZED_AUTOS = YES_AGGRESSIVE;
				GCC_WARN_UNUSED_FUNCTION = YES;
				GCC_WARN_UNUSED_VARIABLE = YES;
				IPHONEOS_DEPLOYMENT_TARGET = 13.2;
				MTL_ENABLE_DEBUG_INFO = INCLUDE_SOURCE;
				MTL_FAST_MATH = YES;
				ONLY_ACTIVE_ARCH = YES;
				SDKROOT = iphoneos;
				SWIFT_ACTIVE_COMPILATION_CONDITIONS = DEBUG;
				SWIFT_OPTIMIZATION_LEVEL = "-Onone";
			};
			name = Debug;
		};
		E93E4C2323B407DB0097A158 /* Release */ = {
			isa = XCBuildConfiguration;
			buildSettings = {
				ALWAYS_SEARCH_USER_PATHS = NO;
				CLANG_ANALYZER_NONNULL = YES;
				CLANG_ANALYZER_NUMBER_OBJECT_CONVERSION = YES_AGGRESSIVE;
				CLANG_CXX_LANGUAGE_STANDARD = "gnu++14";
				CLANG_CXX_LIBRARY = "libc++";
				CLANG_ENABLE_MODULES = YES;
				CLANG_ENABLE_OBJC_ARC = YES;
				CLANG_ENABLE_OBJC_WEAK = YES;
				CLANG_WARN_BLOCK_CAPTURE_AUTORELEASING = YES;
				CLANG_WARN_BOOL_CONVERSION = YES;
				CLANG_WARN_COMMA = YES;
				CLANG_WARN_CONSTANT_CONVERSION = YES;
				CLANG_WARN_DEPRECATED_OBJC_IMPLEMENTATIONS = YES;
				CLANG_WARN_DIRECT_OBJC_ISA_USAGE = YES_ERROR;
				CLANG_WARN_DOCUMENTATION_COMMENTS = YES;
				CLANG_WARN_EMPTY_BODY = YES;
				CLANG_WARN_ENUM_CONVERSION = YES;
				CLANG_WARN_INFINITE_RECURSION = YES;
				CLANG_WARN_INT_CONVERSION = YES;
				CLANG_WARN_NON_LITERAL_NULL_CONVERSION = YES;
				CLANG_WARN_OBJC_IMPLICIT_RETAIN_SELF = YES;
				CLANG_WARN_OBJC_LITERAL_CONVERSION = YES;
				CLANG_WARN_OBJC_ROOT_CLASS = YES_ERROR;
				CLANG_WARN_RANGE_LOOP_ANALYSIS = YES;
				CLANG_WARN_STRICT_PROTOTYPES = YES;
				CLANG_WARN_SUSPICIOUS_MOVE = YES;
				CLANG_WARN_UNGUARDED_AVAILABILITY = YES_AGGRESSIVE;
				CLANG_WARN_UNREACHABLE_CODE = YES;
				CLANG_WARN__DUPLICATE_METHOD_MATCH = YES;
				COPY_PHASE_STRIP = NO;
				DEBUG_INFORMATION_FORMAT = "dwarf-with-dsym";
				ENABLE_NS_ASSERTIONS = NO;
				ENABLE_STRICT_OBJC_MSGSEND = YES;
				GCC_C_LANGUAGE_STANDARD = gnu11;
				GCC_NO_COMMON_BLOCKS = YES;
				GCC_WARN_64_TO_32_BIT_CONVERSION = YES;
				GCC_WARN_ABOUT_RETURN_TYPE = YES_ERROR;
				GCC_WARN_UNDECLARED_SELECTOR = YES;
				GCC_WARN_UNINITIALIZED_AUTOS = YES_AGGRESSIVE;
				GCC_WARN_UNUSED_FUNCTION = YES;
				GCC_WARN_UNUSED_VARIABLE = YES;
				IPHONEOS_DEPLOYMENT_TARGET = 13.2;
				MTL_ENABLE_DEBUG_INFO = NO;
				MTL_FAST_MATH = YES;
				SDKROOT = iphoneos;
				SWIFT_COMPILATION_MODE = wholemodule;
				SWIFT_OPTIMIZATION_LEVEL = "-O";
				VALIDATE_PRODUCT = YES;
			};
			name = Release;
		};
		E93E4C2523B407DB0097A158 /* Debug */ = {
			isa = XCBuildConfiguration;
			buildSettings = {
				ASSETCATALOG_COMPILER_APPICON_NAME = AppIcon;
				CODE_SIGN_STYLE = Automatic;
				DEVELOPMENT_ASSET_PATHS = "\"Vison/Preview Content\"";
				ENABLE_PREVIEWS = YES;
				INFOPLIST_FILE = Vison/Info.plist;
				LD_RUNPATH_SEARCH_PATHS = (
					"$(inherited)",
					"@executable_path/Frameworks",
				);
				PRODUCT_BUNDLE_IDENTIFIER = DBS.Madhukar.Vison;
				PRODUCT_NAME = "$(TARGET_NAME)";
				SWIFT_VERSION = 5.0;
				TARGETED_DEVICE_FAMILY = "1,2";
			};
			name = Debug;
		};
		E93E4C2623B407DB0097A158 /* Release */ = {
			isa = XCBuildConfiguration;
			buildSettings = {
				ASSETCATALOG_COMPILER_APPICON_NAME = AppIcon;
				CODE_SIGN_STYLE = Automatic;
				DEVELOPMENT_ASSET_PATHS = "\"Vison/Preview Content\"";
				ENABLE_PREVIEWS = YES;
				INFOPLIST_FILE = Vison/Info.plist;
				LD_RUNPATH_SEARCH_PATHS = (
					"$(inherited)",
					"@executable_path/Frameworks",
				);
				PRODUCT_BUNDLE_IDENTIFIER = DBS.Madhukar.Vison;
				PRODUCT_NAME = "$(TARGET_NAME)";
				SWIFT_VERSION = 5.0;
				TARGETED_DEVICE_FAMILY = "1,2";
			};
			name = Release;
		};
/* End XCBuildConfiguration section */

/* Begin XCConfigurationList section */
		E93E4C0823B407DA0097A158 /* Build configuration list for PBXProject "Vison" */ = {
			isa = XCConfigurationList;
			buildConfigurations = (
				E93E4C2223B407DB0097A158 /* Debug */,
				E93E4C2323B407DB0097A158 /* Release */,
			);
			defaultConfigurationIsVisible = 0;
			defaultConfigurationName = Release;
		};
		E93E4C2423B407DB0097A158 /* Build configuration list for PBXNativeTarget "Vison" */ = {
			isa = XCConfigurationList;
			buildConfigurations = (
				E93E4C2523B407DB0097A158 /* Debug */,
				E93E4C2623B407DB0097A158 /* Release */,
			);
			defaultConfigurationIsVisible = 0;
			defaultConfigurationName = Release;
		};
/* End XCConfigurationList section */

/* Begin XCVersionGroup section */
		E93E4C1423B407DA0097A158 /* Vison.xcdatamodeld */ = {
			isa = XCVersionGroup;
			children = (
				E93E4C1523B407DA0097A158 /* Vison.xcdatamodel */,
			);
			currentVersion = E93E4C1523B407DA0097A158 /* Vison.xcdatamodel */;
			path = Vison.xcdatamodeld;
			sourceTree = "<group>";
			versionGroupType = wrapper.xcdatamodel;
		};
/* End XCVersionGroup section */
	};
	rootObject = E93E4C0523B407DA0097A158 /* Project object */;
}
